{
    "hash": "88ed2ca96ae5addee21d62849e4503fb",
    "packages": [
        {
            "package": "digitas/digex-core",
            "version": "dev-master",
            "source-reference": "74846fd715aaf05b6f01ac28d2cbb5f98a6d015d",
            "commit-date": "1347010899"
        },
        {
            "package": "doctrine/common",
            "version": "2.2.3"
        },
        {
            "package": "doctrine/data-fixtures",
            "version": "v1.0.0-ALPHA2"
        },
        {
            "package": "doctrine/dbal",
            "version": "2.2.x-dev",
            "source-reference": "da4b7b4d965db0c1c1d23333e87ee5ae8994e249",
            "commit-date": "1344978731"
        },
        {
            "package": "doctrine/orm",
            "version": "2.2.x-dev",
            "source-reference": "11faa7e49d77e559e4e376d3b927d2e742fbcf8b",
            "commit-date": "1346246267"
        },
        {
            "package": "pimple/pimple",
            "version": "dev-master",
            "alias-pretty-version": "1.0.x-dev",
            "alias-version": "1.0.9999999.9999999-dev"
        },
        {
            "package": "pimple/pimple",
            "version": "dev-master",
            "source-reference": "db836b8cfadc0f39dacafa2bf311a1ab603600bb",
            "commit-date": "1343051648"
        },
        {
            "package": "silex/silex",
            "version": "dev-master",
            "alias-pretty-version": "1.0.x-dev",
            "alias-version": "1.0.9999999.9999999-dev"
        },
        {
            "package": "silex/silex",
            "version": "dev-master",
            "source-reference": "73b18ef69f74d878465dba0836ad96affc6c820c",
            "commit-date": "1346766167"
        },
        {
            "package": "symfony/config",
            "version": "2.0.x-dev",
            "source-reference": "v2.0.17",
            "commit-date": "1344264656"
        },
        {
            "package": "symfony/console",
            "version": "v2.1.0"
        },
        {
            "package": "symfony/event-dispatcher",
            "version": "v2.1.0"
        },
        {
            "package": "symfony/http-foundation",
            "version": "v2.1.0"
        },
        {
            "package": "symfony/http-kernel",
            "version": "2.1.x-dev",
            "source-reference": "ec5cdb100c20537e9d806facd4d121c985658e8b",
            "commit-date": "1346926323"
        },
        {
            "package": "symfony/routing",
            "version": "v2.1.0"
        },
        {
            "package": "symfony/translation",
            "version": "v2.1.0"
        },
        {
            "package": "symfony/twig-bridge",
            "version": "v2.1.0"
        },
        {
            "package": "symfony/yaml",
            "version": "v2.1.0"
        },
        {
            "package": "twig/twig",
            "version": "dev-master",
            "alias-pretty-version": "1.9.x-dev",
            "alias-version": "1.9.9999999.9999999-dev"
        },
        {
            "package": "twig/twig",
            "version": "dev-master",
            "source-reference": "459720ff3b74ee0c0d159277c6f2f5df89d8a4f6",
            "commit-date": "1346397138"
        }
    ],
    "packages-dev": null,
    "aliases": [

    ],
    "minimum-stability": "dev",
    "stability-flags": {
        "digitas/digex-core": 20
    }
}
